// !$*UTF8*$!
{
	archiveVersion = 1;
	classes = {
	};
	objectVersion = 46;
	objects = {

/* Begin PBXBuildFile section */
		2CB908471BC501AC003D34D2 /* AppDelegate.swift in Sources */ = {isa = PBXBuildFile; fileRef = 2CB908461BC501AC003D34D2 /* AppDelegate.swift */; };
		2CB908491BC501AC003D34D2 /* ViewController.swift in Sources */ = {isa = PBXBuildFile; fileRef = 2CB908481BC501AC003D34D2 /* ViewController.swift */; };
		2CB9084C1BC501AC003D34D2 /* Main.storyboard in Resources */ = {isa = PBXBuildFile; fileRef = 2CB9084A1BC501AC003D34D2 /* Main.storyboard */; };
		2CB9084E1BC501AC003D34D2 /* Assets.xcassets in Resources */ = {isa = PBXBuildFile; fileRef = 2CB9084D1BC501AC003D34D2 /* Assets.xcassets */; };
		2CB908511BC501AC003D34D2 /* LaunchScreen.storyboard in Resources */ = {isa = PBXBuildFile; fileRef = 2CB9084F1BC501AC003D34D2 /* LaunchScreen.storyboard */; };
/* End PBXBuildFile section */

/* Begin PBXFileReference section */
		2CB908431BC501AC003D34D2 /* rpgoop.app */ = {isa = PBXFileReference; explicitFileType = wrapper.application; includeInIndex = 0; path = rpgoop.app; sourceTree = BUILT_PRODUCTS_DIR; };
		2CB908461BC501AC003D34D2 /* AppDelegate.swift */ = {isa = PBXFileReference; lastKnownFileType = sourcecode.swift; path = AppDelegate.swift; sourceTree = "<group>"; };
		2CB908481BC501AC003D34D2 /* ViewController.swift */ = {isa = PBXFileReference; lastKnownFileType = sourcecode.swift; path = ViewController.swift; sourceTree = "<group>"; };
		2CB9084B1BC501AC003D34D2 /* Base */ = {isa = PBXFileReference; lastKnownFileType = file.storyboard; name = Base; path = Base.lproj/Main.storyboard; sourceTree = "<group>"; };
		2CB9084D1BC501AC003D34D2 /* Assets.xcassets */ = {isa = PBXFileReference; lastKnownFileType = folder.assetcatalog; path = Assets.xcassets; sourceTree = "<group>"; };
		2CB908501BC501AC003D34D2 /* Base */ = {isa = PBXFileReference; lastKnownFileType = file.storyboard; name = Base; path = Base.lproj/LaunchScreen.storyboard; sourceTree = "<group>"; };
		2CB908521BC501AC003D34D2 /* Info.plist */ = {isa = PBXFileReference; lastKnownFileType = text.plist.xml; path = Info.plist; sourceTree = "<group>"; };
/* End PBXFileReference section */

/* Begin PBXFrameworksBuildPhase section */
		2CB908401BC501AC003D34D2 /* Frameworks */ = {
			isa = PBXFrameworksBuildPhase;
			buildActionMask = 2147483647;
			files = (
			);
			runOnlyForDeploymentPostprocessing = 0;
		};
/* End PBXFrameworksBuildPhase section */

/* Begin PBXGroup section */
		2CB9083A1BC501AB003D34D2 = {
			isa = PBXGroup;
			children = (
				2CB908451BC501AC003D34D2 /* rpgoop */,
				2CB908441BC501AC003D34D2 /* Products */,
			);
			sourceTree = "<group>";
		};
		2CB908441BC501AC003D34D2 /* Products */ = {
			isa = PBXGroup;
			children = (
				2CB908431BC501AC003D34D2 /* rpgoop.app */,
			);
			name = Products;
			sourceTree = "<group>";
		};
		2CB908451BC501AC003D34D2 /* rpgoop */ = {
			isa = PBXGroup;
			children = (
				2CB908461BC501AC003D34D2 /* AppDelegate.swift */,
				2CB908481BC501AC003D34D2 /* ViewController.swift */,
				2CB9084A1BC501AC003D34D2 /* Main.storyboard */,
				2CB9084D1BC501AC003D34D2 /* Assets.xcassets */,
				2CB9084F1BC501AC003D34D2 /* LaunchScreen.storyboard */,
				2CB908521BC501AC003D34D2 /* Info.plist */,
			);
			path = rpgoop;
			sourceTree = "<group>";
		};
/* End PBXGroup section */

/* Begin PBXNativeTarget section */
		2CB908421BC501AC003D34D2 /* rpgoop */ = {
			isa = PBXNativeTarget;
			buildConfigurationList = 2CB908551BC501AC003D34D2 /* Build configuration list for PBXNativeTarget "rpgoop" */;
			buildPhases = (
				2CB9083F1BC501AC003D34D2 /* Sources */,
				2CB908401BC501AC003D34D2 /* Frameworks */,
				2CB908411BC501AC003D34D2 /* Resources */,
			);
			buildRules = (
			);
			dependencies = (
			);
			name = rpgoop;
			productName = rpgoop;
			productReference = 2CB908431BC501AC003D34D2 /* rpgoop.app */;
			productType = "com.apple.product-type.application";
		};
/* End PBXNativeTarget section */

/* Begin PBXProject section */
		2CB9083B1BC501AB003D34D2 /* Project object */ = {
			isa = PBXProject;
			attributes = {
				LastUpgradeCheck = 0700;
				ORGANIZATIONNAME = "shivam kaushik";
				TargetAttributes = {
					2CB908421BC501AC003D34D2 = {
						CreatedOnToolsVersion = 7.0;
					};
				};
			};
			buildConfigurationList = 2CB9083E1BC501AC003D34D2 /* Build configuration list for PBXProject "rpgoop" */;
			compatibilityVersion = "Xcode 3.2";
			developmentRegion = English;
			hasScannedForEncodings = 0;
			knownRegions = (
				en,
				Base,
			);
			mainGroup = 2CB9083A1BC501AB003D34D2;
			productRefGroup = 2CB908441BC501AC003D34D2 /* Products */;
			projectDirPath = "";
			projectRoot = "";
			targets = (
				2CB908421BC501AC003D34D2 /* rpgoop */,
			);
		};
/* End PBXProject section */

/* Begin PBXResourcesBuildPhase section */
		2CB908411BC501AC003D34D2 /* Resources */ = {
			isa = PBXResourcesBuildPhase;
			buildActionMask = 2147483647;
			files = (
				2CB908511BC501AC003D34D2 /* LaunchScreen.storyboard in Resources */,
				2CB9084E1BC501AC003D34D2 /* Assets.xcassets in Resources */,
				2CB9084C1BC501AC003D34D2 /* Main.storyboard in Resources */,
			);
			runOnlyForDeploymentPostprocessing = 0;
		};
/* End PBXResourcesBuildPhase section */

/* Begin PBXSourcesBuildPhase section */
		2CB9083F1BC501AC003D34D2 /* Sources */ = {
			isa = PBXSourcesBuildPhase;
			buildActionMask = 2147483647;
			files = (
				2CB908491BC501AC003D34D2 /* ViewController.swift in Sources */,
				2CB908471BC501AC003D34D2 /* AppDelegate.swift in Sources */,
			);
			runOnlyForDeploymentPostprocessing = 0;
		};
/* End PBXSourcesBuildPhase section */

/* Begin PBXVariantGroup section */
		2CB9084A1BC501AC003D34D2 /* Main.storyboard */ = {
			isa = PBXVariantGroup;
			children = (
				2CB9084B1BC501AC003D34D2 /* Base */,
			);
			name = Main.storyboard;
			sourceTree = "<group>";
		};
		2CB9084F1BC501AC003D34D2 /* LaunchScreen.storyboard */ = {
			isa = PBXVariantGroup;
			children = (
				2CB908501BC501AC003D34D2 /* Base */,
			);
			name = LaunchScreen.storyboard;
			sourceTree = "<group>";
		};
/* End PBXVariantGroup section */

/* Begin XCBuildConfiguration section */
		2CB908531BC501AC003D34D2 /* Debug */ = {
			isa = XCBuildConfiguration;
			buildSettings = {
				ALWAYS_SEARCH_USER_PATHS = NO;
				CLANG_CXX_LANGUAGE_STANDARD = "gnu++0x";
				CLANG_CXX_LIBRARY = "libc++";
				CLANG_ENABLE_MODULES = YES;
				CLANG_ENABLE_OBJC_ARC = YES;
				CLANG_WARN_BOOL_CONVERSION = YES;
				CLANG_WARN_CONSTANT_CONVERSION = YES;
				CLANG_WARN_DIRECT_OBJC_ISA_USAGE = YES_ERROR;
				CLANG_WARN_EMPTY_BODY = YES;
				CLANG_WARN_ENUM_CONVERSION = YES;
				CLANG_WARN_INT_CONVERSION = YES;
				CLANG_WARN_OBJC_ROOT_CLASS = YES_ERROR;
				CLANG_WARN_UNREACHABLE_CODE = YES;
				CLANG_WARN__DUPLICATE_METHOD_MATCH = YES;
				"CODE_SIGN_IDENTITY[sdk=iphoneos*]" = "iPhone Developer";
				COPY_PHASE_STRIP = NO;
				DEBUG_INFORMATION_FORMAT = dwarf;
				ENABLE_STRICT_OBJC_MSGSEND = YES;
				ENABLE_TESTABILITY = YES;
				GCC_C_LANGUAGE_STANDARD = gnu99;
				GCC_DYNAMIC_NO_PIC = NO;
				GCC_NO_COMMON_BLOCKS = YES;
				GCC_OPTIMIZATION_LEVEL = 0;
				GCC_PREPROCESSOR_DEFINITIONS = (
					"DEBUG=1",
					"$(inherited)",
				);
				GCC_WARN_64_TO_32_BIT_CONVERSION = YES;
				GCC_WARN_ABOUT_RETURN_TYPE = YES_ERROR;
				GCC_WARN_UNDECLARED_SELECTOR = YES;
				GCC_WARN_UNINITIALIZED_AUTOS = YES_AGGRESSIVE;
				GCC_WARN_UNUSED_FUNCTION = YES;
				GCC_WARN_UNUSED_VARIABLE = YES;
				IPHONEOS_DEPLOYMENT_TARGET = 9.0;
				MTL_ENABLE_DEBUG_INFO = YES;
				ONLY_ACTIVE_ARCH = YES;
				SDKROOT = iphoneos;
				SWIFT_OPTIMIZATION_LEVEL = "-Onone";
				TARGETED_DEVICE_FAMILY = "1,2";
			};
			name = Debug;
		};
		2CB908541BC501AC003D34D2 /* Release */ = {
			isa = XCBuildConfiguration;
			buildSettings = {
				ALWAYS_SEARCH_USER_PATHS = NO;
				CLANG_CXX_LANGUAGE_STANDARD = "gnu++0x";
				CLANG_CXX_LIBRARY = "libc++";
				CLANG_ENABLE_MODULES = YES;
				CLANG_ENABLE_OBJC_ARC = YES;
				CLANG_WARN_BOOL_CONVERSION = YES;
				CLANG_WARN_CONSTANT_CONVERSION = YES;
				CLANG_WARN_DIRECT_OBJC_ISA_USAGE = YES_ERROR;
				CLANG_WARN_EMPTY_BODY = YES;
				CLANG_WARN_ENUM_CONVERSION = YES;
				CLANG_WARN_INT_CONVERSION = YES;
				CLANG_WARN_OBJC_ROOT_CLASS = YES_ERROR;
				CLANG_WARN_UNREACHABLE_CODE = YES;
				CLANG_WARN__DUPLICATE_METHOD_MATCH = YES;
				"CODE_SIGN_IDENTITY[sdk=iphoneos*]" = "iPhone Developer";
				COPY_PHASE_STRIP = NO;
				DEBUG_INFORMATION_FORMAT = "dwarf-with-dsym";
				ENABLE_NS_ASSERTIONS = NO;
				ENABLE_STRICT_OBJC_MSGSEND = YES;
				GCC_C_LANGUAGE_STANDARD = gnu99;
				GCC_NO_COMMON_BLOCKS = YES;
				GCC_WARN_64_TO_32_BIT_CONVERSION = YES;
				GCC_WARN_ABOUT_RETURN_TYPE = YES_ERROR;
				GCC_WARN_UNDECLARED_SELECTOR = YES;
				GCC_WARN_UNINITIALIZED_AUTOS = YES_AGGRESSIVE;
				GCC_WARN_UNUSED_FUNCTION = YES;
				GCC_WARN_UNUSED_VARIABLE = YES;
				IPHONEOS_DEPLOYMENT_TARGET = 9.0;
				MTL_ENABLE_DEBUG_INFO = NO;
				SDKROOT = iphoneos;
				TARGETED_DEVICE_FAMILY = "1,2";
				VALIDATE_PRODUCT = YES;
			};
			name = Release;
		};
		2CB908561BC501AC003D34D2 /* Debug */ = {
			isa = XCBuildConfiguration;
			buildSettings = {
				ASSETCATALOG_COMPILER_APPICON_NAME = AppIcon;
				INFOPLIST_FILE = rpgoop/Info.plist;
				LD_RUNPATH_SEARCH_PATHS = "$(inherited) @executable_path/Frameworks";
				PRODUCT_BUNDLE_IDENTIFIER = com.shivamkaushik.www.rpgoop;
				PRODUCT_NAME = "$(TARGET_NAME)";
			};
			name = Debug;
		};
		2CB908571BC501AC003D34D2 /* Release */ = {
			isa = XCBuildConfiguration;
			buildSettings = {
				ASSETCATALOG_COMPILER_APPICON_NAME = AppIcon;
				INFOPLIST_FILE = rpgoop/Info.plist;
				LD_RUNPATH_SEARCH_PATHS = "$(inherited) @executable_path/Frameworks";
				PRODUCT_BUNDLE_IDENTIFIER = com.shivamkaushik.www.rpgoop;
				PRODUCT_NAME = "$(TARGET_NAME)";
			};
			name = Release;
		};
/* End XCBuildConfiguration section */

/* Begin XCConfigurationList section */
		2CB9083E1BC501AC003D34D2 /* Build configuration list for PBXProject "rpgoop" */ = {
			isa = XCConfigurationList;
			buildConfigurations = (
				2CB908531BC501AC003D34D2 /* Debug */,
				2CB908541BC501AC003D34D2 /* Release */,
			);
			defaultConfigurationIsVisible = 0;
			defaultConfigurationName = Release;
		};
		2CB908551BC501AC003D34D2 /* Build configuration list for PBXNativeTarget "rpgoop" */ = {
			isa = XCConfigurationList;
			buildConfigurations = (
				2CB908561BC501AC003D34D2 /* Debug */,
				2CB908571BC501AC003D34D2 /* Release */,
			);
			defaultConfigurationIsVisible = 0;
		};
/* End XCConfigurationList section */
	};
	rootObject = 2CB9083B1BC501AB003D34D2 /* Project object */;
}
